
Microsoft Visual Studio Solution File, Format Version 12.00
# Visual Studio Version 17
VisualStudioVersion = 17.9.34310.174
MinimumVisualStudioVersion = 10.0.40219.1
Project("{9A19103F-16F7-4668-BE54-9A1E7A4F7556}") = "Coursera", "Coursera\Coursera.csproj", "{DFD9AA8C-71AC-4767-8940-11CD40A7B249}"
EndProject
Project("{9A19103F-16F7-4668-BE54-9A1E7A4F7556}") = "Grpc", "Grpc\Grpc.csproj", "{524CBCE3-C2D5-4B23-A124-F941015A2AF4}"
EndProject
Project("{9A19103F-16F7-4668-BE54-9A1E7A4F7556}") = "GrpcClient", "GrpcClient\GrpcClient.csproj", "{80FC095D-3F58-4395-9B13-36341366C5C8}"
EndProject
Project("{2150E333-8FDC-42A3-9474-1A3956D46DE8}") = "src", "src", "{018B861A-CB2A-40E3-83BB-946E2EB09DA2}"
EndProject
Project("{2150E333-8FDC-42A3-9474-1A3956D46DE8}") = "tests", "tests", "{E4C0E235-8155-4EC6-ACE2-9F41E9624B9E}"
EndProject
Project("{2150E333-8FDC-42A3-9474-1A3956D46DE8}") = "Domain", "Domain", "{8C324E9F-C1B0-40E3-87B5-387313632A32}"
EndProject
Project("{2150E333-8FDC-42A3-9474-1A3956D46DE8}") = "Infrastructure", "Infrastructure", "{72739B0F-6B5A-4884-8665-DAA2E0B49CB7}"
EndProject
Project("{2150E333-8FDC-42A3-9474-1A3956D46DE8}") = "Presentation", "Presentation", "{19BCB173-717B-4526-BD11-83E0684B07BB}"
EndProject
Project("{2150E333-8FDC-42A3-9474-1A3956D46DE8}") = "Data", "Data", "{CDCDF580-51A6-4D7B-AB0D-90BEA4AF5140}"
EndProject
Project("{2150E333-8FDC-42A3-9474-1A3956D46DE8}") = "Application", "Application", "{EAD7C633-F9C6-4881-9AE8-0287C9A03BF9}"
EndProject
Project("{FAE04EC0-301F-11D3-BF4B-00C04F79EFBC}") = "Domain", "Domain\Domain.csproj", "{8AC69412-2DF3-4B3D-9B82-D50C67501F54}"
EndProject
Project("{2150E333-8FDC-42A3-9474-1A3956D46DE8}") = "Shared", "Shared", "{48435EE8-E64C-484C-A6E2-93BFA491B251}"
EndProject
Project("{FAE04EC0-301F-11D3-BF4B-00C04F79EFBC}") = "WebAPI", "WebAPI\WebAPI.csproj", "{041894FD-B233-4EF8-A664-7FF9B8390BE8}"
EndProject
Global
	GlobalSection(SolutionConfigurationPlatforms) = preSolution
		Debug|Any CPU = Debug|Any CPU
		Release|Any CPU = Release|Any CPU
	EndGlobalSection
	GlobalSection(ProjectConfigurationPlatforms) = postSolution
		{DFD9AA8C-71AC-4767-8940-11CD40A7B249}.Debug|Any CPU.ActiveCfg = Debug|Any CPU
		{DFD9AA8C-71AC-4767-8940-11CD40A7B249}.Debug|Any CPU.Build.0 = Debug|Any CPU
		{DFD9AA8C-71AC-4767-8940-11CD40A7B249}.Release|Any CPU.ActiveCfg = Release|Any CPU
		{DFD9AA8C-71AC-4767-8940-11CD40A7B249}.Release|Any CPU.Build.0 = Release|Any CPU
		{524CBCE3-C2D5-4B23-A124-F941015A2AF4}.Debug|Any CPU.ActiveCfg = Debug|Any CPU
		{524CBCE3-C2D5-4B23-A124-F941015A2AF4}.Debug|Any CPU.Build.0 = Debug|Any CPU
		{524CBCE3-C2D5-4B23-A124-F941015A2AF4}.Release|Any CPU.ActiveCfg = Release|Any CPU
		{524CBCE3-C2D5-4B23-A124-F941015A2AF4}.Release|Any CPU.Build.0 = Release|Any CPU
		{80FC095D-3F58-4395-9B13-36341366C5C8}.Debug|Any CPU.ActiveCfg = Debug|Any CPU
		{80FC095D-3F58-4395-9B13-36341366C5C8}.Debug|Any CPU.Build.0 = Debug|Any CPU
		{80FC095D-3F58-4395-9B13-36341366C5C8}.Release|Any CPU.ActiveCfg = Release|Any CPU
		{80FC095D-3F58-4395-9B13-36341366C5C8}.Release|Any CPU.Build.0 = Release|Any CPU
		{8AC69412-2DF3-4B3D-9B82-D50C67501F54}.Debug|Any CPU.ActiveCfg = Debug|Any CPU
		{8AC69412-2DF3-4B3D-9B82-D50C67501F54}.Debug|Any CPU.Build.0 = Debug|Any CPU
		{8AC69412-2DF3-4B3D-9B82-D50C67501F54}.Release|Any CPU.ActiveCfg = Release|Any CPU
		{8AC69412-2DF3-4B3D-9B82-D50C67501F54}.Release|Any CPU.Build.0 = Release|Any CPU
		{041894FD-B233-4EF8-A664-7FF9B8390BE8}.Debug|Any CPU.ActiveCfg = Debug|Any CPU
		{041894FD-B233-4EF8-A664-7FF9B8390BE8}.Debug|Any CPU.Build.0 = Debug|Any CPU
		{041894FD-B233-4EF8-A664-7FF9B8390BE8}.Release|Any CPU.ActiveCfg = Release|Any CPU
		{041894FD-B233-4EF8-A664-7FF9B8390BE8}.Release|Any CPU.Build.0 = Release|Any CPU
	EndGlobalSection
	GlobalSection(SolutionProperties) = preSolution
		HideSolutionNode = FALSE
	EndGlobalSection
	GlobalSection(NestedProjects) = preSolution
		{8C324E9F-C1B0-40E3-87B5-387313632A32} = {018B861A-CB2A-40E3-83BB-946E2EB09DA2}
		{72739B0F-6B5A-4884-8665-DAA2E0B49CB7} = {018B861A-CB2A-40E3-83BB-946E2EB09DA2}
		{19BCB173-717B-4526-BD11-83E0684B07BB} = {018B861A-CB2A-40E3-83BB-946E2EB09DA2}
		{CDCDF580-51A6-4D7B-AB0D-90BEA4AF5140} = {018B861A-CB2A-40E3-83BB-946E2EB09DA2}
		{EAD7C633-F9C6-4881-9AE8-0287C9A03BF9} = {018B861A-CB2A-40E3-83BB-946E2EB09DA2}
		{8AC69412-2DF3-4B3D-9B82-D50C67501F54} = {8C324E9F-C1B0-40E3-87B5-387313632A32}
		{48435EE8-E64C-484C-A6E2-93BFA491B251} = {018B861A-CB2A-40E3-83BB-946E2EB09DA2}
		{041894FD-B233-4EF8-A664-7FF9B8390BE8} = {19BCB173-717B-4526-BD11-83E0684B07BB}
	EndGlobalSection
	GlobalSection(ExtensibilityGlobals) = postSolution
		SolutionGuid = {143DC9C5-39CA-4A65-9025-2AD0389FFA87}
	EndGlobalSection
EndGlobal
